
Microsoft Visual Studio Solution File, Format Version 12.00
# Visual Studio Version 17
VisualStudioVersion = 17.11.35222.181
MinimumVisualStudioVersion = 10.0.40219.1
Project("{FAE04EC0-301F-11D3-BF4B-00C04F79EFBC}") = "SQL labb (4)", "Sql Lab 4\SQL labb (4).csproj", "{F880A7B0-A5DE-4112-978E-D75CD97BC1F3}"
EndProject
Global
	GlobalSection(SolutionConfigurationPlatforms) = preSolution
		Debug|Any CPU = Debug|Any CPU
		Release|Any CPU = Release|Any CPU
	EndGlobalSection
	GlobalSection(ProjectConfigurationPlatforms) = postSolution
		{F880A7B0-A5DE-4112-978E-D75CD97BC1F3}.Debug|Any CPU.ActiveCfg = Debug|Any CPU
		{F880A7B0-A5DE-4112-978E-D75CD97BC1F3}.Debug|Any CPU.Build.0 = Debug|Any CPU
		{F880A7B0-A5DE-4112-978E-D75CD97BC1F3}.Release|Any CPU.ActiveCfg = Release|Any CPU
		{F880A7B0-A5DE-4112-978E-D75CD97BC1F3}.Release|Any CPU.Build.0 = Release|Any CPU
	EndGlobalSection
	GlobalSection(SolutionProperties) = preSolution
		HideSolutionNode = FALSE
	EndGlobalSection
	GlobalSection(ExtensibilityGlobals) = postSolution
		SolutionGuid = {19268C39-F28E-4AB8-B8AD-325E2BDC64C6}
	EndGlobalSection
EndGlobal
